
Microsoft Visual Studio Solution File, Format Version 12.00
# Visual Studio Version 17
VisualStudioVersion = 17.5.002.0
MinimumVisualStudioVersion = 10.0.40219.1
Project("{9A19103F-16F7-4668-BE54-9A1E7A4F7556}") = "MonthyRevenue", "MonthyRevenue\MonthyRevenue.csproj", "{7F3020C5-41C7-49E2-9256-A563EBC01989}"
EndProject
Global
	GlobalSection(SolutionConfigurationPlatforms) = preSolution
		Debug|Any CPU = Debug|Any CPU
		Release|Any CPU = Release|Any CPU
	EndGlobalSection
	GlobalSection(ProjectConfigurationPlatforms) = postSolution
		{7F3020C5-41C7-49E2-9256-A563EBC01989}.Debug|Any CPU.ActiveCfg = Debug|Any CPU
		{7F3020C5-41C7-49E2-9256-A563EBC01989}.Debug|Any CPU.Build.0 = Debug|Any CPU
		{7F3020C5-41C7-49E2-9256-A563EBC01989}.Release|Any CPU.ActiveCfg = Release|Any CPU
		{7F3020C5-41C7-49E2-9256-A563EBC01989}.Release|Any CPU.Build.0 = Release|Any CPU
	EndGlobalSection
	GlobalSection(SolutionProperties) = preSolution
		HideSolutionNode = FALSE
	EndGlobalSection
	GlobalSection(ExtensibilityGlobals) = postSolution
		SolutionGuid = {37ACC6CD-917F-4BE9-8B1E-24E4CF085850}
	EndGlobalSection
EndGlobal
